{
  "name": "path-follower",
  "version": "1.0.0",
  "lockfileVersion": 2,
  "requires": true,
  "packages": {
    "": {
      "name": "path-follower",
      "version": "1.0.0",
      "license": "ISC",
      "dependencies": {
        "three": "^0.151.2",
        "yuka": "^0.7.8"
      }
    },
    "node_modules/three": {
      "version": "0.151.2",
      "resolved": "https://registry.npmjs.org/three/-/three-0.151.2.tgz",
      "integrity": "sha512-tGaLRP2H6++tj2JumHD25slhFAx0C619rl6G6Utjq7JTrDGJwDxpu+J2XpnYIUMfEmhNvIFDQJfp79JtKmNBWw=="
    },
    "node_modules/yuka": {
      "version": "0.7.8",
      "resolved": "https://registry.npmjs.org/yuka/-/yuka-0.7.8.tgz",
      "integrity": "sha512-G/pFcMZh2Azz7Yy500NSV1jQ0Ru7h9hTNyEW+HjRXcdzjJIyp/3mCGspnx7VJVP06zxORqK6mkl5TywLqVUnVg=="
    }
  },
  "dependencies": {
    "three": {
      "version": "0.151.2",
      "resolved": "https://registry.npmjs.org/three/-/three-0.151.2.tgz",
      "integrity": "sha512-tGaLRP2H6++tj2JumHD25slhFAx0C619rl6G6Utjq7JTrDGJwDxpu+J2XpnYIUMfEmhNvIFDQJfp79JtKmNBWw=="
    },
    "yuka": {
      "version": "0.7.8",
      "resolved": "https://registry.npmjs.org/yuka/-/yuka-0.7.8.tgz",
      "integrity": "sha512-G/pFcMZh2Azz7Yy500NSV1jQ0Ru7h9hTNyEW+HjRXcdzjJIyp/3mCGspnx7VJVP06zxORqK6mkl5TywLqVUnVg=="
    }
  }
}
